# THIS IS AN AUTOGENERATED FILE. DO NOT EDIT THIS FILE DIRECTLY.
# yarn lockfile v1


esbuild@^0.8.44:
  version "0.8.44"
  resolved "https://registry.yarnpkg.com/esbuild/-/esbuild-0.8.44.tgz#2a74f48fe20579081c9d8fe99be6fb8d2848c887"
  integrity sha512-m9yyBZMgWuAB7e7tA2g9L4PovoLa5Xb73+Yg9uBBR2w3Fe4P9/nxqj/HLrw1k/rjdjF1eX1kNJRytboqOtRCCQ==

monaco-editor@^0.22.3:
  version "0.22.3"
  resolved "https://registry.yarnpkg.com/monaco-editor/-/monaco-editor-0.22.3.tgz#69b42451d3116c6c08d9b8e052007ff891fd85d7"
  integrity sha512-RM559z2CJbczZ3k2b+ouacMINkAYWwRit4/vs0g2X/lkYefDiu0k2GmgWjAuiIpQi+AqASPOKvXNmYc8KUSvVQ==
