# THIS IS AN AUTOGENERATED FILE. DO NOT EDIT THIS FILE DIRECTLY.
# yarn lockfile v1


"@types/three@^0.125.1":
  version "0.125.1"
  resolved "https://registry.yarnpkg.com/@types/three/-/three-0.125.1.tgz#a734a7ea546b7971fd327b396fbfad9417b1fb94"
  integrity sha512-OLt5e4qks0PtpryrfsTSxYNUNsf67S1XJVEPW97V2/W7ODV+WGNbk6FdMvj+jXW8fulIOjKv5Qddu9LgeHlkDg==

esbuild@^0.8.44:
  version "0.8.46"
  resolved "https://registry.yarnpkg.com/esbuild/-/esbuild-0.8.46.tgz#8fc7230ce3019b12e2553399f0c03875a729c26b"
  integrity sha512-xck9sXNCNmjDHCCfxTCyhKTiFuEBweh+IDAhMLOJI990v1Fzii6MyIkT1LbkvjgoVgPX2SK1kpi5eZVGNrl8yg==

three@^0.125.2:
  version "0.125.2"
  resolved "https://registry.yarnpkg.com/three/-/three-0.125.2.tgz#dcba12749a2eb41522e15212b919cd3fbf729b12"
  integrity sha512-7rIRO23jVKWcAPFdW/HREU2NZMGWPBZ4XwEMt0Ak0jwLUKVJhcKM55eCBWyGZq/KiQbeo1IeuAoo/9l2dzhTXA==
